
Microsoft Visual Studio Solution File, Format Version 12.00
# Visual Studio Version 17
VisualStudioVersion = 17.1.32210.238
MinimumVisualStudioVersion = 10.0.40219.1
Project("{FAE04EC0-301F-11D3-BF4B-00C04F79EFBC}") = "Test", "Test\Test.csproj", "{01C3F17A-976B-4563-8CD7-DBB38026FD30}"
EndProject
Global
	GlobalSection(SolutionConfigurationPlatforms) = preSolution
		Debug|Any CPU = Debug|Any CPU
		Release|Any CPU = Release|Any CPU
	EndGlobalSection
	GlobalSection(ProjectConfigurationPlatforms) = postSolution
		{01C3F17A-976B-4563-8CD7-DBB38026FD30}.Debug|Any CPU.ActiveCfg = Debug|Any CPU
		{01C3F17A-976B-4563-8CD7-DBB38026FD30}.Debug|Any CPU.Build.0 = Debug|Any CPU
		{01C3F17A-976B-4563-8CD7-DBB38026FD30}.Release|Any CPU.ActiveCfg = Release|Any CPU
		{01C3F17A-976B-4563-8CD7-DBB38026FD30}.Release|Any CPU.Build.0 = Release|Any CPU
	EndGlobalSection
	GlobalSection(SolutionProperties) = preSolution
		HideSolutionNode = FALSE
	EndGlobalSection
	GlobalSection(ExtensibilityGlobals) = postSolution
		SolutionGuid = {D3D7C79B-8987-4163-8241-8C6891F7819F}
	EndGlobalSection
EndGlobal
